{"version":4,"terraform_version":"1.10.6","serial":1,"lineage":"1709c73c-4671-8364-19d6-7711cfecf1ac","outputs":{},"resources":[{"module":"module.security_group","mode":"managed","type":"aws_security_group","name":"this","provider":"provider[\"registry.opentofu.org/hashicorp/aws\"]","instances":[{"schema_version":1,"attributes":{"arn":"arn:aws:ec2:us-east-1:532907084571:security-group/sg-0ad85eae631110cc0","description":"Security group to enable ingress and egress traffic to an EC2 instance","egress":[],"id":"sg-0ad85eae631110cc0","ingress":[],"name":"terraform-20251103034438058800000002","name_prefix":"terraform-","owner_id":"532907084571","region":"us-east-1","revoke_rules_on_delete":false,"tags":null,"tags_all":{},"timeouts":null,"vpc_id":"vpc-060a9868823c8935d"},"sensitive_attributes":[],"private":"eyJlMmJmYjczMC1lY2FhLTExZTYtOGY4OC0zNDM2M2JjN2M0YzAiOnsiY3JlYXRlIjo2MDAwMDAwMDAwMDAsImRlbGV0ZSI6OTAwMDAwMDAwMDAwfSwic2NoZW1hX3ZlcnNpb24iOiIxIn0=","dependencies":["module.vpc.aws_vpc.this"]}]},{"module":"module.security_group","mode":"managed","type":"aws_vpc_security_group_ingress_rule","name":"ssh","provider":"provider[\"registry.opentofu.org/hashicorp/aws\"]","instances":[{"schema_version":0,"attributes":{"arn":"arn:aws:ec2:us-east-1:532907084571:security-group-rule/sgr-0724e10f33c6ac5b8","cidr_ipv4":"201.139.187.216/32","cidr_ipv6":null,"description":null,"from_port":22,"id":"sgr-0724e10f33c6ac5b8","ip_protocol":"tcp","prefix_list_id":null,"referenced_security_group_id":null,"region":"us-east-1","security_group_id":"sg-0ad85eae631110cc0","security_group_rule_id":"sgr-0724e10f33c6ac5b8","tags":null,"tags_all":{},"to_port":22},"sensitive_attributes":[],"dependencies":["module.security_group.aws_security_group.this","module.vpc.aws_vpc.this"]}]},{"module":"module.vpc","mode":"managed","type":"aws_internet_gateway","name":"this","provider":"provider[\"registry.opentofu.org/hashicorp/aws\"]","instances":[{"schema_version":0,"attributes":{"arn":"arn:aws:ec2:us-east-1:532907084571:internet-gateway/igw-06ec571a6480accfc","id":"igw-06ec571a6480accfc","owner_id":"532907084571","region":"us-east-1","tags":null,"tags_all":{},"timeouts":null,"vpc_id":"vpc-06ff5f4b1affb3ba5"},"sensitive_attributes":[],"private":"eyJlMmJmYjczMC1lY2FhLTExZTYtOGY4OC0zNDM2M2JjN2M0YzAiOnsiY3JlYXRlIjoxMjAwMDAwMDAwMDAwLCJkZWxldGUiOjEyMDAwMDAwMDAwMDAsInVwZGF0ZSI6MTIwMDAwMDAwMDAwMH19","dependencies":["module.vpc.aws_vpc.this"]}]},{"module":"module.vpc","mode":"managed","type":"aws_route_table","name":"public_route_table","provider":"provider[\"registry.opentofu.org/hashicorp/aws\"]","instances":[{"status":"tainted","schema_version":0,"attributes":{"arn":null,"id":"rtb-0e3cd2bab4eedad0d","owner_id":null,"propagating_vgws":[],"region":"us-east-1","route":[{"carrier_gateway_id":"","cidr_block":"10.0.0.0/16","core_network_arn":"","destination_prefix_list_id":"","egress_only_gateway_id":"","gateway_id":"igw-06ec571a6480accfc","ipv6_cidr_block":"","local_gateway_id":"","nat_gateway_id":"","network_interface_id":"","transit_gateway_id":"","vpc_endpoint_id":"","vpc_peering_connection_id":""}],"tags":null,"tags_all":null,"timeouts":null,"vpc_id":"vpc-06ff5f4b1affb3ba5"},"sensitive_attributes":[],"private":"eyJlMmJmYjczMC1lY2FhLTExZTYtOGY4OC0zNDM2M2JjN2M0YzAiOnsiY3JlYXRlIjozMDAwMDAwMDAwMDAsImRlbGV0ZSI6MzAwMDAwMDAwMDAwLCJ1cGRhdGUiOjEyMDAwMDAwMDAwMH19","dependencies":["module.vpc.aws_internet_gateway.this","module.vpc.aws_vpc.this"]}]},{"module":"module.vpc","mode":"managed","type":"aws_subnet","name":"public_subnet","provider":"provider[\"registry.opentofu.org/hashicorp/aws\"]","instances":[{"schema_version":1,"attributes":{"arn":"arn:aws:ec2:us-east-1:532907084571:subnet/subnet-03e47bb8a536d3d70","assign_ipv6_address_on_creation":false,"availability_zone":"us-east-1a","availability_zone_id":"use1-az2","cidr_block":"10.0.0.0/16","customer_owned_ipv4_pool":"","enable_dns64":false,"enable_lni_at_device_index":0,"enable_resource_name_dns_a_record_on_launch":false,"enable_resource_name_dns_aaaa_record_on_launch":false,"id":"subnet-03e47bb8a536d3d70","ipv6_cidr_block":"","ipv6_cidr_block_association_id":"","ipv6_native":false,"map_customer_owned_ip_on_launch":false,"map_public_ip_on_launch":true,"outpost_arn":"","owner_id":"532907084571","private_dns_hostname_type_on_launch":"ip-name","region":"us-east-1","tags":null,"tags_all":{},"timeouts":null,"vpc_id":"vpc-06ff5f4b1affb3ba5"},"sensitive_attributes":[],"private":"eyJlMmJmYjczMC1lY2FhLTExZTYtOGY4OC0zNDM2M2JjN2M0YzAiOnsiY3JlYXRlIjo2MDAwMDAwMDAwMDAsImRlbGV0ZSI6MTIwMDAwMDAwMDAwMH0sInNjaGVtYV92ZXJzaW9uIjoiMSJ9","dependencies":["module.vpc.aws_vpc.this"]}]},{"module":"module.vpc","mode":"managed","type":"aws_vpc","name":"this","provider":"provider[\"registry.opentofu.org/hashicorp/aws\"]","instances":[{"schema_version":1,"attributes":{"arn":"arn:aws:ec2:us-east-1:532907084571:vpc/vpc-06ff5f4b1affb3ba5","assign_generated_ipv6_cidr_block":false,"cidr_block":"10.0.0.0/16","default_network_acl_id":"acl-079f8d5efcdcb62f3","default_route_table_id":"rtb-0161b8bdf8d499f65","default_security_group_id":"sg-0d72bb1a54e15b082","dhcp_options_id":"dopt-0c5ec8c9cb414b6eb","enable_dns_hostnames":true,"enable_dns_support":true,"enable_network_address_usage_metrics":false,"id":"vpc-06ff5f4b1affb3ba5","instance_tenancy":"default","ipv4_ipam_pool_id":null,"ipv4_netmask_length":null,"ipv6_association_id":"","ipv6_cidr_block":"","ipv6_cidr_block_network_border_group":"","ipv6_ipam_pool_id":"","ipv6_netmask_length":0,"main_route_table_id":"rtb-0161b8bdf8d499f65","owner_id":"532907084571","region":"us-east-1","tags":null,"tags_all":{}},"sensitive_attributes":[],"private":"eyJzY2hlbWFfdmVyc2lvbiI6IjEifQ=="}]}],"check_results":null}
